
Microsoft Visual Studio Solution File, Format Version 12.00
# Visual Studio Version 16
VisualStudioVersion = 16.0.30114.105
MinimumVisualStudioVersion = 10.0.40219.1
Project("{FAE04EC0-301F-11D3-BF4B-00C04F79EFBC}") = "WebApi", "WebApi\WebApi.csproj", "{8F9199F7-E94E-4DCE-90DF-63B94397B620}"
EndProject
Project("{FAE04EC0-301F-11D3-BF4B-00C04F79EFBC}") = "Domain", "Domain\Domain.csproj", "{8651E4BD-05D6-4A9F-AE9A-917603EBC470}"
EndProject
Project("{FAE04EC0-301F-11D3-BF4B-00C04F79EFBC}") = "Persistance", "Persistance\Persistance.csproj", "{CDB8BD9A-6722-44E8-AA4B-3AD8108081AC}"
EndProject
Project("{FAE04EC0-301F-11D3-BF4B-00C04F79EFBC}") = "Application", "Application\Application.csproj", "{817D9EE9-DAE4-4C10-9D58-6215D44ACB76}"
EndProject
Global
	GlobalSection(SolutionConfigurationPlatforms) = preSolution
		Debug|Any CPU = Debug|Any CPU
		Release|Any CPU = Release|Any CPU
	EndGlobalSection
	GlobalSection(SolutionProperties) = preSolution
		HideSolutionNode = FALSE
	EndGlobalSection
	GlobalSection(ProjectConfigurationPlatforms) = postSolution
		{8F9199F7-E94E-4DCE-90DF-63B94397B620}.Debug|Any CPU.ActiveCfg = Debug|Any CPU
		{8F9199F7-E94E-4DCE-90DF-63B94397B620}.Debug|Any CPU.Build.0 = Debug|Any CPU
		{8F9199F7-E94E-4DCE-90DF-63B94397B620}.Release|Any CPU.ActiveCfg = Release|Any CPU
		{8F9199F7-E94E-4DCE-90DF-63B94397B620}.Release|Any CPU.Build.0 = Release|Any CPU
		{8651E4BD-05D6-4A9F-AE9A-917603EBC470}.Debug|Any CPU.ActiveCfg = Debug|Any CPU
		{8651E4BD-05D6-4A9F-AE9A-917603EBC470}.Debug|Any CPU.Build.0 = Debug|Any CPU
		{8651E4BD-05D6-4A9F-AE9A-917603EBC470}.Release|Any CPU.ActiveCfg = Release|Any CPU
		{8651E4BD-05D6-4A9F-AE9A-917603EBC470}.Release|Any CPU.Build.0 = Release|Any CPU
		{CDB8BD9A-6722-44E8-AA4B-3AD8108081AC}.Debug|Any CPU.ActiveCfg = Debug|Any CPU
		{CDB8BD9A-6722-44E8-AA4B-3AD8108081AC}.Debug|Any CPU.Build.0 = Debug|Any CPU
		{CDB8BD9A-6722-44E8-AA4B-3AD8108081AC}.Release|Any CPU.ActiveCfg = Release|Any CPU
		{CDB8BD9A-6722-44E8-AA4B-3AD8108081AC}.Release|Any CPU.Build.0 = Release|Any CPU
		{817D9EE9-DAE4-4C10-9D58-6215D44ACB76}.Debug|Any CPU.ActiveCfg = Debug|Any CPU
		{817D9EE9-DAE4-4C10-9D58-6215D44ACB76}.Debug|Any CPU.Build.0 = Debug|Any CPU
		{817D9EE9-DAE4-4C10-9D58-6215D44ACB76}.Release|Any CPU.ActiveCfg = Release|Any CPU
		{817D9EE9-DAE4-4C10-9D58-6215D44ACB76}.Release|Any CPU.Build.0 = Release|Any CPU
	EndGlobalSection
EndGlobal
